
Microsoft Visual Studio Solution File, Format Version 12.00
# Visual Studio Version 16
VisualStudioVersion = 16.0.31911.196
MinimumVisualStudioVersion = 10.0.40219.1
Project("{2150E333-8FDC-42A3-9474-1A3956D46DE8}") = "Sservices", "Sservices", "{AD67FE17-B547-4887-B975-7036771CD285}"
EndProject
Project("{2150E333-8FDC-42A3-9474-1A3956D46DE8}") = "Catalog", "Catalog", "{50982B45-59A0-4456-84FC-225013E58C6C}"
EndProject
Project("{FAE04EC0-301F-11D3-BF4B-00C04F79EFBC}") = "Catlog.Api", "Catalog\Catlog.Api\Catlog.Api.csproj", "{EC401341-3715-467B-B61D-EACBEE811EEC}"
EndProject
Global
	GlobalSection(SolutionConfigurationPlatforms) = preSolution
		Debug|Any CPU = Debug|Any CPU
		Release|Any CPU = Release|Any CPU
	EndGlobalSection
	GlobalSection(ProjectConfigurationPlatforms) = postSolution
		{EC401341-3715-467B-B61D-EACBEE811EEC}.Debug|Any CPU.ActiveCfg = Debug|Any CPU
		{EC401341-3715-467B-B61D-EACBEE811EEC}.Debug|Any CPU.Build.0 = Debug|Any CPU
		{EC401341-3715-467B-B61D-EACBEE811EEC}.Release|Any CPU.ActiveCfg = Release|Any CPU
		{EC401341-3715-467B-B61D-EACBEE811EEC}.Release|Any CPU.Build.0 = Release|Any CPU
	EndGlobalSection
	GlobalSection(SolutionProperties) = preSolution
		HideSolutionNode = FALSE
	EndGlobalSection
	GlobalSection(NestedProjects) = preSolution
		{50982B45-59A0-4456-84FC-225013E58C6C} = {AD67FE17-B547-4887-B975-7036771CD285}
		{EC401341-3715-467B-B61D-EACBEE811EEC} = {50982B45-59A0-4456-84FC-225013E58C6C}
	EndGlobalSection
	GlobalSection(ExtensibilityGlobals) = postSolution
		SolutionGuid = {0A944F01-CC11-406B-916F-D3F00218AD0C}
	EndGlobalSection
EndGlobal
